
Microsoft Visual Studio Solution File, Format Version 12.00
# Visual Studio 15
VisualStudioVersion = 15.0.27428.2015
MinimumVisualStudioVersion = 10.0.40219.1
Project("{FAE04EC0-301F-11D3-BF4B-00C04F79EFBC}") = "L2NET", "L2NET.csproj", "{B6B422EE-16D1-ABEC-712C-77DA88E254AF}"
EndProject
Global
	GlobalSection(SolutionConfigurationPlatforms) = preSolution
		Debug|Any CPU = Debug|Any CPU
		Release|Any CPU = Release|Any CPU
	EndGlobalSection
	GlobalSection(ProjectConfigurationPlatforms) = postSolution
		{B6B422EE-16D1-ABEC-712C-77DA88E254AF}.Debug|Any CPU.ActiveCfg = Debug|Any CPU
		{B6B422EE-16D1-ABEC-712C-77DA88E254AF}.Debug|Any CPU.Build.0 = Debug|Any CPU
		{B6B422EE-16D1-ABEC-712C-77DA88E254AF}.Release|Any CPU.ActiveCfg = Release|Any CPU
		{B6B422EE-16D1-ABEC-712C-77DA88E254AF}.Release|Any CPU.Build.0 = Release|Any CPU
	EndGlobalSection
	GlobalSection(SolutionProperties) = preSolution
		HideSolutionNode = FALSE
	EndGlobalSection
	GlobalSection(ExtensibilityGlobals) = postSolution
		SolutionGuid = {E98E715D-F80B-4686-B3D3-62D0CAC16FE5}
	EndGlobalSection
EndGlobal
